{
  "name": "serverless-api-sample",
  "version": "1.0.0",
  "lockfileVersion": 1,
  "requires": true,
  "dependencies": {
    "lambda-api": {
      "version": "0.5.1",
      "resolved": "https://registry.npmjs.org/lambda-api/-/lambda-api-0.5.1.tgz",
      "integrity": "sha512-Rcy7EY9tCaU34u9l15FOZlB8DnRA3cSSzW7XF5IQXN46Qdz9eKK1JFBy9pJ+Rb1oNu91xg20StXBxhlIl/gVgw=="
    },
    "serverless-stage-manager": {
      "version": "1.0.5",
      "resolved": "https://registry.npmjs.org/serverless-stage-manager/-/serverless-stage-manager-1.0.5.tgz",
      "integrity": "sha1-KPnYwXQtlQRFZOge8GoZET8eBk0="
    }
  }
}
