{
  "name": "serverless-api-sample",
  "version": "1.0.0",
  "lockfileVersion": 1,
  "requires": true,
  "dependencies": {
    "lambda-api": {
      "version": "0.6.0",
      "resolved": "https://registry.npmjs.org/lambda-api/-/lambda-api-0.6.0.tgz",
      "integrity": "sha512-XjFH9BihRoxb5RBsvrkNUdpgL2i1X9WNW/ICzIlUok3Vla1CW1ieMx3qB6l071ggMWwLRVxKRyeXIFNznvWHZw=="
    },
    "serverless-stage-manager": {
      "version": "1.0.5",
      "resolved": "https://registry.npmjs.org/serverless-stage-manager/-/serverless-stage-manager-1.0.5.tgz",
      "integrity": "sha1-KPnYwXQtlQRFZOge8GoZET8eBk0="
    }
  }
}
